
Microsoft Visual Studio Solution File, Format Version 12.00
# Visual Studio Version 17
VisualStudioVersion = 17.4.33403.182
MinimumVisualStudioVersion = 10.0.40219.1
Project("{FAE04EC0-301F-11D3-BF4B-00C04F79EFBC}") = "PPLWorkOutProgram", "PPLWorkOutProgram.csproj", "{FCAA99D9-F11A-41FA-A041-73AD406F8B8B}"
EndProject
Global
	GlobalSection(SolutionConfigurationPlatforms) = preSolution
		Debug|Any CPU = Debug|Any CPU
		Release|Any CPU = Release|Any CPU
	EndGlobalSection
	GlobalSection(ProjectConfigurationPlatforms) = postSolution
		{FCAA99D9-F11A-41FA-A041-73AD406F8B8B}.Debug|Any CPU.ActiveCfg = Debug|Any CPU
		{FCAA99D9-F11A-41FA-A041-73AD406F8B8B}.Debug|Any CPU.Build.0 = Debug|Any CPU
		{FCAA99D9-F11A-41FA-A041-73AD406F8B8B}.Release|Any CPU.ActiveCfg = Release|Any CPU
		{FCAA99D9-F11A-41FA-A041-73AD406F8B8B}.Release|Any CPU.Build.0 = Release|Any CPU
	EndGlobalSection
	GlobalSection(SolutionProperties) = preSolution
		HideSolutionNode = FALSE
	EndGlobalSection
	GlobalSection(ExtensibilityGlobals) = postSolution
		SolutionGuid = {43B05509-74C1-4FAD-92A6-DF99513C4903}
	EndGlobalSection
EndGlobal
